// !$*UTF8*$!
{
	archiveVersion = 1;
	classes = {
	};
	objectVersion = 46;
	objects = {

/* Begin PBXBuildFile section */
		D8059AFE1B03D8EF00200348 /* cell.swift in Sources */ = {isa = PBXBuildFile; fileRef = D8059AFD1B03D8EF00200348 /* cell.swift */; };
		D811A5FC1B83AB240064ED0C /* PushNotificationController.swift in Sources */ = {isa = PBXBuildFile; fileRef = D811A5FB1B83AB240064ED0C /* PushNotificationController.swift */; };
		D811A5FE1B83B3430064ED0C /* ApiKeys.plist in Resources */ = {isa = PBXBuildFile; fileRef = D811A5FD1B83B3430064ED0C /* ApiKeys.plist */; };
		D811A6001B83B4D60064ED0C /* ApiKeys.swift in Sources */ = {isa = PBXBuildFile; fileRef = D811A5FF1B83B4D60064ED0C /* ApiKeys.swift */; };
		D812ED731B06BFEF009287DA /* SettingsViewController.swift in Sources */ = {isa = PBXBuildFile; fileRef = D812ED721B06BFEF009287DA /* SettingsViewController.swift */; };
		D83412CB1BB8F2B100B367FE /* Images you need in Resources */ = {isa = PBXBuildFile; fileRef = D83412CA1BB8F2B100B367FE /* Images you need */; };
		D83721401B74FE7600D12167 /* Swift.gitignore in Resources */ = {isa = PBXBuildFile; fileRef = D837213F1B74FE7600D12167 /* Swift.gitignore */; };
		D8427EDB1AF7F5A500B0F004 /* CoreLocation.framework in Frameworks */ = {isa = PBXBuildFile; fileRef = D8427EDA1AF7F5A500B0F004 /* CoreLocation.framework */; };
		D84656411C6AA3CC00D2F690 /* White Clock Filled-50.png in Resources */ = {isa = PBXBuildFile; fileRef = D846563C1C6AA3CC00D2F690 /* White Clock Filled-50.png */; };
		D84656421C6AA3CC00D2F690 /* White Good Quality Filled-50.png in Resources */ = {isa = PBXBuildFile; fileRef = D846563D1C6AA3CC00D2F690 /* White Good Quality Filled-50.png */; };
		D84656431C6AA3CC00D2F690 /* White Info Filled-50.png in Resources */ = {isa = PBXBuildFile; fileRef = D846563E1C6AA3CC00D2F690 /* White Info Filled-50.png */; };
		D84656441C6AA3CC00D2F690 /* White Poor Quality Filled-50.png in Resources */ = {isa = PBXBuildFile; fileRef = D846563F1C6AA3CC00D2F690 /* White Poor Quality Filled-50.png */; };
		D84656451C6AA3CC00D2F690 /* White US Dollar-50.png in Resources */ = {isa = PBXBuildFile; fileRef = D84656401C6AA3CC00D2F690 /* White US Dollar-50.png */; };
		D8471CAE1B499C7C003C5F70 /* NewPostFormViewController.swift in Sources */ = {isa = PBXBuildFile; fileRef = D8471CAD1B499C7C003C5F70 /* NewPostFormViewController.swift */; };
		D85022B81B2F805F00CA1118 /* NewPostNotificationSettingsTableViewController.swift in Sources */ = {isa = PBXBuildFile; fileRef = D85022B71B2F805E00CA1118 /* NewPostNotificationSettingsTableViewController.swift */; };
		D85022BA1B2F836600CA1118 /* NearbyPostNotificationSettingsTableViewController.swift in Sources */ = {isa = PBXBuildFile; fileRef = D85022B91B2F836600CA1118 /* NearbyPostNotificationSettingsTableViewController.swift */; };
		D85022FE1B3097E500CA1118 /* DefaultSettings.plist in Resources */ = {isa = PBXBuildFile; fileRef = D85022FD1B3097E500CA1118 /* DefaultSettings.plist */; };
		D899FE541B84CB5A005FD176 /* CoreLocationController.swift in Sources */ = {isa = PBXBuildFile; fileRef = D899FE531B84CB5A005FD176 /* CoreLocationController.swift */; };
		D899FE561B84FFC2005FD176 /* CloudCode in Resources */ = {isa = PBXBuildFile; fileRef = D899FE551B84FFC2005FD176 /* CloudCode */; };
		D8AC0B691B92398D00D8779B /* PostViewController.swift in Sources */ = {isa = PBXBuildFile; fileRef = D8AC0B681B92398D00D8779B /* PostViewController.swift */; };
		D8AC0B6B1B923C6A00D8779B /* Bolts.framework in Frameworks */ = {isa = PBXBuildFile; fileRef = D8AC0B6A1B923C6A00D8779B /* Bolts.framework */; };
		D8B364441C6AEFFB00E097E4 /* Clock Filled-50.png in Resources */ = {isa = PBXBuildFile; fileRef = D8B364401C6AEFFB00E097E4 /* Clock Filled-50.png */; };
		D8B364451C6AEFFB00E097E4 /* Good Quality Filled-50.png in Resources */ = {isa = PBXBuildFile; fileRef = D8B364411C6AEFFB00E097E4 /* Good Quality Filled-50.png */; };
		D8B364461C6AEFFB00E097E4 /* Orange Dollar-50.png in Resources */ = {isa = PBXBuildFile; fileRef = D8B364421C6AEFFB00E097E4 /* Orange Dollar-50.png */; };
		D8B364471C6AEFFB00E097E4 /* Poor Quality Filled-50.png in Resources */ = {isa = PBXBuildFile; fileRef = D8B364431C6AEFFB00E097E4 /* Poor Quality Filled-50.png */; };
		D8B364491C6B832200E097E4 /* Help Filled-50.png in Resources */ = {isa = PBXBuildFile; fileRef = D8B364481C6B832200E097E4 /* Help Filled-50.png */; };
		D8D87AF61AF7F19B00303AB0 /* AppDelegate.swift in Sources */ = {isa = PBXBuildFile; fileRef = D8D87AF51AF7F19B00303AB0 /* AppDelegate.swift */; };
		D8D87AFB1AF7F19B00303AB0 /* ViewController.swift in Sources */ = {isa = PBXBuildFile; fileRef = D8D87AFA1AF7F19B00303AB0 /* ViewController.swift */; };
		D8D87AFE1AF7F19B00303AB0 /* Main.storyboard in Resources */ = {isa = PBXBuildFile; fileRef = D8D87AFC1AF7F19B00303AB0 /* Main.storyboard */; };
		D8D87B001AF7F19B00303AB0 /* Images.xcassets in Resources */ = {isa = PBXBuildFile; fileRef = D8D87AFF1AF7F19B00303AB0 /* Images.xcassets */; };
		D8D87B031AF7F19B00303AB0 /* LaunchScreen.xib in Resources */ = {isa = PBXBuildFile; fileRef = D8D87B011AF7F19B00303AB0 /* LaunchScreen.xib */; };
		D8D87B0F1AF7F19B00303AB0 /* Free_Food_AppTests.swift in Sources */ = {isa = PBXBuildFile; fileRef = D8D87B0E1AF7F19B00303AB0 /* Free_Food_AppTests.swift */; };
		D8E864A01AF84DAE006986B9 /* AudioToolbox.framework in Frameworks */ = {isa = PBXBuildFile; fileRef = D8E8649F1AF84DAE006986B9 /* AudioToolbox.framework */; };
		D8E864A21AF84DB4006986B9 /* CFNetwork.framework in Frameworks */ = {isa = PBXBuildFile; fileRef = D8E864A11AF84DB4006986B9 /* CFNetwork.framework */; };
		D8E864A41AF84DBB006986B9 /* CoreGraphics.framework in Frameworks */ = {isa = PBXBuildFile; fileRef = D8E864A31AF84DBB006986B9 /* CoreGraphics.framework */; };
		D8E864A61AF84DC8006986B9 /* MobileCoreServices.framework in Frameworks */ = {isa = PBXBuildFile; fileRef = D8E864A51AF84DC8006986B9 /* MobileCoreServices.framework */; };
		D8E864A81AF84DD0006986B9 /* QuartzCore.framework in Frameworks */ = {isa = PBXBuildFile; fileRef = D8E864A71AF84DD0006986B9 /* QuartzCore.framework */; };
		D8E864AA1AF84DDA006986B9 /* Security.framework in Frameworks */ = {isa = PBXBuildFile; fileRef = D8E864A91AF84DDA006986B9 /* Security.framework */; };
		D8E864AE1AF84DE7006986B9 /* SystemConfiguration.framework in Frameworks */ = {isa = PBXBuildFile; fileRef = D8E864AD1AF84DE7006986B9 /* SystemConfiguration.framework */; };
		D8E864B91AF95496006986B9 /* Shared.swift in Sources */ = {isa = PBXBuildFile; fileRef = D8E864B81AF95496006986B9 /* Shared.swift */; };
		D8F06C001B2F32F10075573C /* Parse.framework in Frameworks */ = {isa = PBXBuildFile; fileRef = D8F06BFF1B2F32F10075573C /* Parse.framework */; };
		D8F06C031B2F3B240075573C /* libz.1.dylib in Frameworks */ = {isa = PBXBuildFile; fileRef = D8F06C011B2F3ADD0075573C /* libz.1.dylib */; };
		D8F06C051B2F3B500075573C /* libsqlite3.dylib in Frameworks */ = {isa = PBXBuildFile; fileRef = D8F06C041B2F3B500075573C /* libsqlite3.dylib */; };
		D8FC3B591B8BAE4D00217B53 /* gears44.png in Resources */ = {isa = PBXBuildFile; fileRef = D8FC3B581B8BAE4D00217B53 /* gears44.png */; };
		D8FC3B5B1B8BB08500217B53 /* gears22.png in Resources */ = {isa = PBXBuildFile; fileRef = D8FC3B5A1B8BB08500217B53 /* gears22.png */; };
		D8FC3B5D1B8BB11000217B53 /* gears30.png in Resources */ = {isa = PBXBuildFile; fileRef = D8FC3B5C1B8BB11000217B53 /* gears30.png */; };
		D8FC3B5F1B8BB18F00217B53 /* gears28.png in Resources */ = {isa = PBXBuildFile; fileRef = D8FC3B5E1B8BB18F00217B53 /* gears28.png */; };
		D8FC3B611B8BB45C00217B53 /* gears26.png in Resources */ = {isa = PBXBuildFile; fileRef = D8FC3B601B8BB45C00217B53 /* gears26.png */; };
		D8FC3B631B8BB4CE00217B53 /* gears24.png in Resources */ = {isa = PBXBuildFile; fileRef = D8FC3B621B8BB4CE00217B53 /* gears24.png */; };
/* End PBXBuildFile section */

/* Begin PBXContainerItemProxy section */
		D8D87B091AF7F19B00303AB0 /* PBXContainerItemProxy */ = {
			isa = PBXContainerItemProxy;
			containerPortal = D8D87AE81AF7F19B00303AB0 /* Project object */;
			proxyType = 1;
			remoteGlobalIDString = D8D87AEF1AF7F19B00303AB0;
			remoteInfo = "Free Food App";
		};
/* End PBXContainerItemProxy section */

/* Begin PBXFileReference section */
		D8059AFD1B03D8EF00200348 /* cell.swift */ = {isa = PBXFileReference; fileEncoding = 4; lastKnownFileType = sourcecode.swift; path = cell.swift; sourceTree = "<group>"; };
		D811A5FB1B83AB240064ED0C /* PushNotificationController.swift */ = {isa = PBXFileReference; fileEncoding = 4; lastKnownFileType = sourcecode.swift; path = PushNotificationController.swift; sourceTree = "<group>"; };
		D811A5FD1B83B3430064ED0C /* ApiKeys.plist */ = {isa = PBXFileReference; fileEncoding = 4; lastKnownFileType = text.plist.xml; path = ApiKeys.plist; sourceTree = "<group>"; };
		D811A5FF1B83B4D60064ED0C /* ApiKeys.swift */ = {isa = PBXFileReference; fileEncoding = 4; lastKnownFileType = sourcecode.swift; path = ApiKeys.swift; sourceTree = "<group>"; };
		D812ED721B06BFEF009287DA /* SettingsViewController.swift */ = {isa = PBXFileReference; fileEncoding = 4; lastKnownFileType = sourcecode.swift; lineEnding = 0; path = SettingsViewController.swift; sourceTree = "<group>"; xcLanguageSpecificationIdentifier = xcode.lang.swift; };
		D83412CA1BB8F2B100B367FE /* Images you need */ = {isa = PBXFileReference; fileEncoding = 4; lastKnownFileType = text; path = "Images you need"; sourceTree = "<group>"; };
		D837213F1B74FE7600D12167 /* Swift.gitignore */ = {isa = PBXFileReference; fileEncoding = 4; lastKnownFileType = text; path = Swift.gitignore; sourceTree = "<group>"; };
		D8427EDA1AF7F5A500B0F004 /* CoreLocation.framework */ = {isa = PBXFileReference; lastKnownFileType = wrapper.framework; name = CoreLocation.framework; path = System/Library/Frameworks/CoreLocation.framework; sourceTree = SDKROOT; };
		D846563C1C6AA3CC00D2F690 /* White Clock Filled-50.png */ = {isa = PBXFileReference; lastKnownFileType = image.png; path = "White Clock Filled-50.png"; sourceTree = "<group>"; };
		D846563D1C6AA3CC00D2F690 /* White Good Quality Filled-50.png */ = {isa = PBXFileReference; lastKnownFileType = image.png; path = "White Good Quality Filled-50.png"; sourceTree = "<group>"; };
		D846563E1C6AA3CC00D2F690 /* White Info Filled-50.png */ = {isa = PBXFileReference; lastKnownFileType = image.png; path = "White Info Filled-50.png"; sourceTree = "<group>"; };
		D846563F1C6AA3CC00D2F690 /* White Poor Quality Filled-50.png */ = {isa = PBXFileReference; lastKnownFileType = image.png; path = "White Poor Quality Filled-50.png"; sourceTree = "<group>"; };
		D84656401C6AA3CC00D2F690 /* White US Dollar-50.png */ = {isa = PBXFileReference; lastKnownFileType = image.png; path = "White US Dollar-50.png"; sourceTree = "<group>"; };
		D8471CAD1B499C7C003C5F70 /* NewPostFormViewController.swift */ = {isa = PBXFileReference; fileEncoding = 4; lastKnownFileType = sourcecode.swift; path = NewPostFormViewController.swift; sourceTree = "<group>"; };
		D85022B71B2F805E00CA1118 /* NewPostNotificationSettingsTableViewController.swift */ = {isa = PBXFileReference; fileEncoding = 4; lastKnownFileType = sourcecode.swift; lineEnding = 0; path = NewPostNotificationSettingsTableViewController.swift; sourceTree = "<group>"; xcLanguageSpecificationIdentifier = xcode.lang.swift; };
		D85022B91B2F836600CA1118 /* NearbyPostNotificationSettingsTableViewController.swift */ = {isa = PBXFileReference; fileEncoding = 4; lastKnownFileType = sourcecode.swift; lineEnding = 0; path = NearbyPostNotificationSettingsTableViewController.swift; sourceTree = "<group>"; xcLanguageSpecificationIdentifier = xcode.lang.swift; };
		D85022FD1B3097E500CA1118 /* DefaultSettings.plist */ = {isa = PBXFileReference; fileEncoding = 4; lastKnownFileType = text.plist.xml; path = DefaultSettings.plist; sourceTree = "<group>"; };
		D899FE531B84CB5A005FD176 /* CoreLocationController.swift */ = {isa = PBXFileReference; fileEncoding = 4; lastKnownFileType = sourcecode.swift; path = CoreLocationController.swift; sourceTree = "<group>"; };
		D899FE551B84FFC2005FD176 /* CloudCode */ = {isa = PBXFileReference; lastKnownFileType = folder; name = CloudCode; path = "Free Food App/CloudCode"; sourceTree = "<group>"; };
		D8AC0B681B92398D00D8779B /* PostViewController.swift */ = {isa = PBXFileReference; fileEncoding = 4; lastKnownFileType = sourcecode.swift; path = PostViewController.swift; sourceTree = "<group>"; };
		D8AC0B6A1B923C6A00D8779B /* Bolts.framework */ = {isa = PBXFileReference; lastKnownFileType = wrapper.framework; path = Bolts.framework; sourceTree = "<group>"; };
		D8B364401C6AEFFB00E097E4 /* Clock Filled-50.png */ = {isa = PBXFileReference; lastKnownFileType = image.png; path = "Clock Filled-50.png"; sourceTree = "<group>"; };
		D8B364411C6AEFFB00E097E4 /* Good Quality Filled-50.png */ = {isa = PBXFileReference; lastKnownFileType = image.png; path = "Good Quality Filled-50.png"; sourceTree = "<group>"; };
		D8B364421C6AEFFB00E097E4 /* Orange Dollar-50.png */ = {isa = PBXFileReference; lastKnownFileType = image.png; path = "Orange Dollar-50.png"; sourceTree = "<group>"; };
		D8B364431C6AEFFB00E097E4 /* Poor Quality Filled-50.png */ = {isa = PBXFileReference; lastKnownFileType = image.png; path = "Poor Quality Filled-50.png"; sourceTree = "<group>"; };
		D8B364481C6B832200E097E4 /* Help Filled-50.png */ = {isa = PBXFileReference; lastKnownFileType = image.png; path = "Help Filled-50.png"; sourceTree = "<group>"; };
		D8D87AF01AF7F19B00303AB0 /* Free Food App.app */ = {isa = PBXFileReference; explicitFileType = wrapper.application; includeInIndex = 0; path = "Free Food App.app"; sourceTree = BUILT_PRODUCTS_DIR; };
		D8D87AF41AF7F19B00303AB0 /* Info.plist */ = {isa = PBXFileReference; lastKnownFileType = text.plist.xml; path = Info.plist; sourceTree = "<group>"; };
		D8D87AF51AF7F19B00303AB0 /* AppDelegate.swift */ = {isa = PBXFileReference; lastKnownFileType = sourcecode.swift; path = AppDelegate.swift; sourceTree = "<group>"; };
		D8D87AFA1AF7F19B00303AB0 /* ViewController.swift */ = {isa = PBXFileReference; lastKnownFileType = sourcecode.swift; path = ViewController.swift; sourceTree = "<group>"; };
		D8D87AFD1AF7F19B00303AB0 /* Base */ = {isa = PBXFileReference; lastKnownFileType = file.storyboard; name = Base; path = Base.lproj/Main.storyboard; sourceTree = "<group>"; };
		D8D87AFF1AF7F19B00303AB0 /* Images.xcassets */ = {isa = PBXFileReference; lastKnownFileType = folder.assetcatalog; path = Images.xcassets; sourceTree = "<group>"; };
		D8D87B021AF7F19B00303AB0 /* Base */ = {isa = PBXFileReference; lastKnownFileType = file.xib; name = Base; path = Base.lproj/LaunchScreen.xib; sourceTree = "<group>"; };
		D8D87B081AF7F19B00303AB0 /* Free Food AppTests.xctest */ = {isa = PBXFileReference; explicitFileType = wrapper.cfbundle; includeInIndex = 0; path = "Free Food AppTests.xctest"; sourceTree = BUILT_PRODUCTS_DIR; };
		D8D87B0D1AF7F19B00303AB0 /* Info.plist */ = {isa = PBXFileReference; lastKnownFileType = text.plist.xml; path = Info.plist; sourceTree = "<group>"; };
		D8D87B0E1AF7F19B00303AB0 /* Free_Food_AppTests.swift */ = {isa = PBXFileReference; lastKnownFileType = sourcecode.swift; path = Free_Food_AppTests.swift; sourceTree = "<group>"; };
		D8E8649F1AF84DAE006986B9 /* AudioToolbox.framework */ = {isa = PBXFileReference; lastKnownFileType = wrapper.framework; name = AudioToolbox.framework; path = System/Library/Frameworks/AudioToolbox.framework; sourceTree = SDKROOT; };
		D8E864A11AF84DB4006986B9 /* CFNetwork.framework */ = {isa = PBXFileReference; lastKnownFileType = wrapper.framework; name = CFNetwork.framework; path = System/Library/Frameworks/CFNetwork.framework; sourceTree = SDKROOT; };
		D8E864A31AF84DBB006986B9 /* CoreGraphics.framework */ = {isa = PBXFileReference; lastKnownFileType = wrapper.framework; name = CoreGraphics.framework; path = System/Library/Frameworks/CoreGraphics.framework; sourceTree = SDKROOT; };
		D8E864A51AF84DC8006986B9 /* MobileCoreServices.framework */ = {isa = PBXFileReference; lastKnownFileType = wrapper.framework; name = MobileCoreServices.framework; path = System/Library/Frameworks/MobileCoreServices.framework; sourceTree = SDKROOT; };
		D8E864A71AF84DD0006986B9 /* QuartzCore.framework */ = {isa = PBXFileReference; lastKnownFileType = wrapper.framework; name = QuartzCore.framework; path = System/Library/Frameworks/QuartzCore.framework; sourceTree = SDKROOT; };
		D8E864A91AF84DDA006986B9 /* Security.framework */ = {isa = PBXFileReference; lastKnownFileType = wrapper.framework; name = Security.framework; path = System/Library/Frameworks/Security.framework; sourceTree = SDKROOT; };
		D8E864AD1AF84DE7006986B9 /* SystemConfiguration.framework */ = {isa = PBXFileReference; lastKnownFileType = wrapper.framework; name = SystemConfiguration.framework; path = System/Library/Frameworks/SystemConfiguration.framework; sourceTree = SDKROOT; };
		D8E864B81AF95496006986B9 /* Shared.swift */ = {isa = PBXFileReference; fileEncoding = 4; lastKnownFileType = sourcecode.swift; path = Shared.swift; sourceTree = "<group>"; };
		D8F06BFF1B2F32F10075573C /* Parse.framework */ = {isa = PBXFileReference; lastKnownFileType = wrapper.framework; name = Parse.framework; path = "Free Food App/Parse.framework"; sourceTree = "<group>"; };
		D8F06C011B2F3ADD0075573C /* libz.1.dylib */ = {isa = PBXFileReference; lastKnownFileType = "compiled.mach-o.dylib"; name = libz.1.dylib; path = ../../../../../../usr/lib/libz.1.dylib; sourceTree = "<group>"; };
		D8F06C041B2F3B500075573C /* libsqlite3.dylib */ = {isa = PBXFileReference; lastKnownFileType = "compiled.mach-o.dylib"; name = libsqlite3.dylib; path = ../../../../../../usr/lib/libsqlite3.dylib; sourceTree = "<group>"; };
		D8F06C091B2F40EC0075573C /* Parse.framework */ = {isa = PBXFileReference; lastKnownFileType = wrapper.framework; path = Parse.framework; sourceTree = "<group>"; };
		D8FC3B581B8BAE4D00217B53 /* gears44.png */ = {isa = PBXFileReference; lastKnownFileType = image.png; path = gears44.png; sourceTree = "<group>"; };
		D8FC3B5A1B8BB08500217B53 /* gears22.png */ = {isa = PBXFileReference; lastKnownFileType = image.png; path = gears22.png; sourceTree = "<group>"; };
		D8FC3B5C1B8BB11000217B53 /* gears30.png */ = {isa = PBXFileReference; lastKnownFileType = image.png; path = gears30.png; sourceTree = "<group>"; };
		D8FC3B5E1B8BB18F00217B53 /* gears28.png */ = {isa = PBXFileReference; lastKnownFileType = image.png; path = gears28.png; sourceTree = "<group>"; };
		D8FC3B601B8BB45C00217B53 /* gears26.png */ = {isa = PBXFileReference; lastKnownFileType = image.png; path = gears26.png; sourceTree = "<group>"; };
		D8FC3B621B8BB4CE00217B53 /* gears24.png */ = {isa = PBXFileReference; lastKnownFileType = image.png; path = gears24.png; sourceTree = "<group>"; };
/* End PBXFileReference section */

/* Begin PBXFrameworksBuildPhase section */
		D8D87AED1AF7F19B00303AB0 /* Frameworks */ = {
			isa = PBXFrameworksBuildPhase;
			buildActionMask = 2147483647;
			files = (
				D8F06C051B2F3B500075573C /* libsqlite3.dylib in Frameworks */,
				D8F06C031B2F3B240075573C /* libz.1.dylib in Frameworks */,
				D8E864AE1AF84DE7006986B9 /* SystemConfiguration.framework in Frameworks */,
				D8E864AA1AF84DDA006986B9 /* Security.framework in Frameworks */,
				D8E864A81AF84DD0006986B9 /* QuartzCore.framework in Frameworks */,
				D8F06C001B2F32F10075573C /* Parse.framework in Frameworks */,
				D8E864A61AF84DC8006986B9 /* MobileCoreServices.framework in Frameworks */,
				D8AC0B6B1B923C6A00D8779B /* Bolts.framework in Frameworks */,
				D8427EDB1AF7F5A500B0F004 /* CoreLocation.framework in Frameworks */,
				D8E864A41AF84DBB006986B9 /* CoreGraphics.framework in Frameworks */,
				D8E864A21AF84DB4006986B9 /* CFNetwork.framework in Frameworks */,
				D8E864A01AF84DAE006986B9 /* AudioToolbox.framework in Frameworks */,
			);
			runOnlyForDeploymentPostprocessing = 0;
		};
		D8D87B051AF7F19B00303AB0 /* Frameworks */ = {
			isa = PBXFrameworksBuildPhase;
			buildActionMask = 2147483647;
			files = (
			);
			runOnlyForDeploymentPostprocessing = 0;
		};
/* End PBXFrameworksBuildPhase section */

/* Begin PBXGroup section */
		D8D87AE71AF7F19B00303AB0 = {
			isa = PBXGroup;
			children = (
				D8AC0B6A1B923C6A00D8779B /* Bolts.framework */,
				D899FE551B84FFC2005FD176 /* CloudCode */,
				D837213F1B74FE7600D12167 /* Swift.gitignore */,
				D8F06C041B2F3B500075573C /* libsqlite3.dylib */,
				D8F06C011B2F3ADD0075573C /* libz.1.dylib */,
				D8F06BFF1B2F32F10075573C /* Parse.framework */,
				D8E864AD1AF84DE7006986B9 /* SystemConfiguration.framework */,
				D8E864A91AF84DDA006986B9 /* Security.framework */,
				D8E864A71AF84DD0006986B9 /* QuartzCore.framework */,
				D8E864A51AF84DC8006986B9 /* MobileCoreServices.framework */,
				D8E864A31AF84DBB006986B9 /* CoreGraphics.framework */,
				D8E864A11AF84DB4006986B9 /* CFNetwork.framework */,
				D8E8649F1AF84DAE006986B9 /* AudioToolbox.framework */,
				D8427EDA1AF7F5A500B0F004 /* CoreLocation.framework */,
				D8D87AF21AF7F19B00303AB0 /* Free Food App */,
				D8D87B0B1AF7F19B00303AB0 /* Free Food AppTests */,
				D8D87AF11AF7F19B00303AB0 /* Products */,
			);
			sourceTree = "<group>";
		};
		D8D87AF11AF7F19B00303AB0 /* Products */ = {
			isa = PBXGroup;
			children = (
				D8D87AF01AF7F19B00303AB0 /* Free Food App.app */,
				D8D87B081AF7F19B00303AB0 /* Free Food AppTests.xctest */,
			);
			name = Products;
			sourceTree = "<group>";
		};
		D8D87AF21AF7F19B00303AB0 /* Free Food App */ = {
			isa = PBXGroup;
			children = (
				D8FC3B621B8BB4CE00217B53 /* gears24.png */,
				D8FC3B5A1B8BB08500217B53 /* gears22.png */,
				D8FC3B5C1B8BB11000217B53 /* gears30.png */,
				D8FC3B5E1B8BB18F00217B53 /* gears28.png */,
				D8FC3B601B8BB45C00217B53 /* gears26.png */,
				D8F06C091B2F40EC0075573C /* Parse.framework */,
				D8059AFD1B03D8EF00200348 /* cell.swift */,
				D8E864B81AF95496006986B9 /* Shared.swift */,
				D8D87AF51AF7F19B00303AB0 /* AppDelegate.swift */,
				D899FE531B84CB5A005FD176 /* CoreLocationController.swift */,
				D8D87AFA1AF7F19B00303AB0 /* ViewController.swift */,
				D8471CAD1B499C7C003C5F70 /* NewPostFormViewController.swift */,
				D812ED721B06BFEF009287DA /* SettingsViewController.swift */,
				D85022B71B2F805E00CA1118 /* NewPostNotificationSettingsTableViewController.swift */,
				D85022B91B2F836600CA1118 /* NearbyPostNotificationSettingsTableViewController.swift */,
				D811A5FB1B83AB240064ED0C /* PushNotificationController.swift */,
				D8AC0B681B92398D00D8779B /* PostViewController.swift */,
				D811A5FD1B83B3430064ED0C /* ApiKeys.plist */,
				D811A5FF1B83B4D60064ED0C /* ApiKeys.swift */,
				D85022FD1B3097E500CA1118 /* DefaultSettings.plist */,
				D8D87AFC1AF7F19B00303AB0 /* Main.storyboard */,
				D8B364481C6B832200E097E4 /* Help Filled-50.png */,
				D8B364401C6AEFFB00E097E4 /* Clock Filled-50.png */,
				D8B364411C6AEFFB00E097E4 /* Good Quality Filled-50.png */,
				D8B364421C6AEFFB00E097E4 /* Orange Dollar-50.png */,
				D8B364431C6AEFFB00E097E4 /* Poor Quality Filled-50.png */,
				D846563C1C6AA3CC00D2F690 /* White Clock Filled-50.png */,
				D846563D1C6AA3CC00D2F690 /* White Good Quality Filled-50.png */,
				D846563E1C6AA3CC00D2F690 /* White Info Filled-50.png */,
				D846563F1C6AA3CC00D2F690 /* White Poor Quality Filled-50.png */,
				D84656401C6AA3CC00D2F690 /* White US Dollar-50.png */,
				D83412CA1BB8F2B100B367FE /* Images you need */,
				D8D87AFF1AF7F19B00303AB0 /* Images.xcassets */,
				D8FC3B581B8BAE4D00217B53 /* gears44.png */,
				D8D87B011AF7F19B00303AB0 /* LaunchScreen.xib */,
				D8D87AF31AF7F19B00303AB0 /* Supporting Files */,
			);
			path = "Free Food App";
			sourceTree = "<group>";
		};
		D8D87AF31AF7F19B00303AB0 /* Supporting Files */ = {
			isa = PBXGroup;
			children = (
				D8D87AF41AF7F19B00303AB0 /* Info.plist */,
			);
			name = "Supporting Files";
			sourceTree = "<group>";
		};
		D8D87B0B1AF7F19B00303AB0 /* Free Food AppTests */ = {
			isa = PBXGroup;
			children = (
				D8D87B0E1AF7F19B00303AB0 /* Free_Food_AppTests.swift */,
				D8D87B0C1AF7F19B00303AB0 /* Supporting Files */,
			);
			path = "Free Food AppTests";
			sourceTree = "<group>";
		};
		D8D87B0C1AF7F19B00303AB0 /* Supporting Files */ = {
			isa = PBXGroup;
			children = (
				D8D87B0D1AF7F19B00303AB0 /* Info.plist */,
			);
			name = "Supporting Files";
			sourceTree = "<group>";
		};
/* End PBXGroup section */

/* Begin PBXNativeTarget section */
		D8D87AEF1AF7F19B00303AB0 /* Free Food App */ = {
			isa = PBXNativeTarget;
			buildConfigurationList = D8D87B121AF7F19B00303AB0 /* Build configuration list for PBXNativeTarget "Free Food App" */;
			buildPhases = (
				D8D87AEC1AF7F19B00303AB0 /* Sources */,
				D8D87AED1AF7F19B00303AB0 /* Frameworks */,
				D8D87AEE1AF7F19B00303AB0 /* Resources */,
			);
			buildRules = (
			);
			dependencies = (
			);
			name = "Free Food App";
			productName = "Free Food App";
			productReference = D8D87AF01AF7F19B00303AB0 /* Free Food App.app */;
			productType = "com.apple.product-type.application";
		};
		D8D87B071AF7F19B00303AB0 /* Free Food AppTests */ = {
			isa = PBXNativeTarget;
			buildConfigurationList = D8D87B151AF7F19B00303AB0 /* Build configuration list for PBXNativeTarget "Free Food AppTests" */;
			buildPhases = (
				D8D87B041AF7F19B00303AB0 /* Sources */,
				D8D87B051AF7F19B00303AB0 /* Frameworks */,
				D8D87B061AF7F19B00303AB0 /* Resources */,
			);
			buildRules = (
			);
			dependencies = (
				D8D87B0A1AF7F19B00303AB0 /* PBXTargetDependency */,
			);
			name = "Free Food AppTests";
			productName = "Free Food AppTests";
			productReference = D8D87B081AF7F19B00303AB0 /* Free Food AppTests.xctest */;
			productType = "com.apple.product-type.bundle.unit-test";
		};
/* End PBXNativeTarget section */

/* Begin PBXProject section */
		D8D87AE81AF7F19B00303AB0 /* Project object */ = {
			isa = PBXProject;
			attributes = {
				LastSwiftUpdateCheck = 0700;
				LastUpgradeCheck = 0730;
				ORGANIZATIONNAME = "Joseph Peplowski";
				TargetAttributes = {
					D8D87AEF1AF7F19B00303AB0 = {
						CreatedOnToolsVersion = 6.4;
						DevelopmentTeam = GMFR6JL5MS;
						SystemCapabilities = {
							com.apple.Push = {
								enabled = 1;
							};
						};
					};
					D8D87B071AF7F19B00303AB0 = {
						CreatedOnToolsVersion = 6.4;
						TestTargetID = D8D87AEF1AF7F19B00303AB0;
					};
				};
			};
			buildConfigurationList = D8D87AEB1AF7F19B00303AB0 /* Build configuration list for PBXProject "Free Food App" */;
			compatibilityVersion = "Xcode 3.2";
			developmentRegion = English;
			hasScannedForEncodings = 0;
			knownRegions = (
				en,
				Base,
			);
			mainGroup = D8D87AE71AF7F19B00303AB0;
			productRefGroup = D8D87AF11AF7F19B00303AB0 /* Products */;
			projectDirPath = "";
			projectRoot = "";
			targets = (
				D8D87AEF1AF7F19B00303AB0 /* Free Food App */,
				D8D87B071AF7F19B00303AB0 /* Free Food AppTests */,
			);
		};
/* End PBXProject section */

/* Begin PBXResourcesBuildPhase section */
		D8D87AEE1AF7F19B00303AB0 /* Resources */ = {
			isa = PBXResourcesBuildPhase;
			buildActionMask = 2147483647;
			files = (
				D83721401B74FE7600D12167 /* Swift.gitignore in Resources */,
				D8FC3B591B8BAE4D00217B53 /* gears44.png in Resources */,
				D8FC3B5B1B8BB08500217B53 /* gears22.png in Resources */,
				D8B364461C6AEFFB00E097E4 /* Orange Dollar-50.png in Resources */,
				D84656441C6AA3CC00D2F690 /* White Poor Quality Filled-50.png in Resources */,
				D8B364441C6AEFFB00E097E4 /* Clock Filled-50.png in Resources */,
				D8B364471C6AEFFB00E097E4 /* Poor Quality Filled-50.png in Resources */,
				D84656431C6AA3CC00D2F690 /* White Info Filled-50.png in Resources */,
				D8D87AFE1AF7F19B00303AB0 /* Main.storyboard in Resources */,
				D85022FE1B3097E500CA1118 /* DefaultSettings.plist in Resources */,
				D8B364451C6AEFFB00E097E4 /* Good Quality Filled-50.png in Resources */,
				D8D87B031AF7F19B00303AB0 /* LaunchScreen.xib in Resources */,
				D8D87B001AF7F19B00303AB0 /* Images.xcassets in Resources */,
				D8FC3B5D1B8BB11000217B53 /* gears30.png in Resources */,
				D84656451C6AA3CC00D2F690 /* White US Dollar-50.png in Resources */,
				D8FC3B611B8BB45C00217B53 /* gears26.png in Resources */,
				D8B364491C6B832200E097E4 /* Help Filled-50.png in Resources */,
				D84656411C6AA3CC00D2F690 /* White Clock Filled-50.png in Resources */,
				D8FC3B631B8BB4CE00217B53 /* gears24.png in Resources */,
				D84656421C6AA3CC00D2F690 /* White Good Quality Filled-50.png in Resources */,
				D8FC3B5F1B8BB18F00217B53 /* gears28.png in Resources */,
				D899FE561B84FFC2005FD176 /* CloudCode in Resources */,
				D83412CB1BB8F2B100B367FE /* Images you need in Resources */,
				D811A5FE1B83B3430064ED0C /* ApiKeys.plist in Resources */,
			);
			runOnlyForDeploymentPostprocessing = 0;
		};
		D8D87B061AF7F19B00303AB0 /* Resources */ = {
			isa = PBXResourcesBuildPhase;
			buildActionMask = 2147483647;
			files = (
			);
			runOnlyForDeploymentPostprocessing = 0;
		};
/* End PBXResourcesBuildPhase section */

/* Begin PBXSourcesBuildPhase section */
		D8D87AEC1AF7F19B00303AB0 /* Sources */ = {
			isa = PBXSourcesBuildPhase;
			buildActionMask = 2147483647;
			files = (
				D8AC0B691B92398D00D8779B /* PostViewController.swift in Sources */,
				D85022BA1B2F836600CA1118 /* NearbyPostNotificationSettingsTableViewController.swift in Sources */,
				D811A5FC1B83AB240064ED0C /* PushNotificationController.swift in Sources */,
				D899FE541B84CB5A005FD176 /* CoreLocationController.swift in Sources */,
				D8D87AFB1AF7F19B00303AB0 /* ViewController.swift in Sources */,
				D8D87AF61AF7F19B00303AB0 /* AppDelegate.swift in Sources */,
				D811A6001B83B4D60064ED0C /* ApiKeys.swift in Sources */,
				D8E864B91AF95496006986B9 /* Shared.swift in Sources */,
				D8059AFE1B03D8EF00200348 /* cell.swift in Sources */,
				D8471CAE1B499C7C003C5F70 /* NewPostFormViewController.swift in Sources */,
				D85022B81B2F805F00CA1118 /* NewPostNotificationSettingsTableViewController.swift in Sources */,
				D812ED731B06BFEF009287DA /* SettingsViewController.swift in Sources */,
			);
			runOnlyForDeploymentPostprocessing = 0;
		};
		D8D87B041AF7F19B00303AB0 /* Sources */ = {
			isa = PBXSourcesBuildPhase;
			buildActionMask = 2147483647;
			files = (
				D8D87B0F1AF7F19B00303AB0 /* Free_Food_AppTests.swift in Sources */,
			);
			runOnlyForDeploymentPostprocessing = 0;
		};
/* End PBXSourcesBuildPhase section */

/* Begin PBXTargetDependency section */
		D8D87B0A1AF7F19B00303AB0 /* PBXTargetDependency */ = {
			isa = PBXTargetDependency;
			target = D8D87AEF1AF7F19B00303AB0 /* Free Food App */;
			targetProxy = D8D87B091AF7F19B00303AB0 /* PBXContainerItemProxy */;
		};
/* End PBXTargetDependency section */

/* Begin PBXVariantGroup section */
		D8D87AFC1AF7F19B00303AB0 /* Main.storyboard */ = {
			isa = PBXVariantGroup;
			children = (
				D8D87AFD1AF7F19B00303AB0 /* Base */,
			);
			name = Main.storyboard;
			sourceTree = "<group>";
		};
		D8D87B011AF7F19B00303AB0 /* LaunchScreen.xib */ = {
			isa = PBXVariantGroup;
			children = (
				D8D87B021AF7F19B00303AB0 /* Base */,
			);
			name = LaunchScreen.xib;
			sourceTree = "<group>";
		};
/* End PBXVariantGroup section */

/* Begin XCBuildConfiguration section */
		D8D87B101AF7F19B00303AB0 /* Debug */ = {
			isa = XCBuildConfiguration;
			buildSettings = {
				ALWAYS_SEARCH_USER_PATHS = NO;
				CLANG_CXX_LANGUAGE_STANDARD = "gnu++0x";
				CLANG_CXX_LIBRARY = "libc++";
				CLANG_ENABLE_MODULES = YES;
				CLANG_ENABLE_OBJC_ARC = YES;
				CLANG_WARN_BOOL_CONVERSION = YES;
				CLANG_WARN_CONSTANT_CONVERSION = YES;
				CLANG_WARN_DIRECT_OBJC_ISA_USAGE = YES_ERROR;
				CLANG_WARN_EMPTY_BODY = YES;
				CLANG_WARN_ENUM_CONVERSION = YES;
				CLANG_WARN_INT_CONVERSION = YES;
				CLANG_WARN_OBJC_ROOT_CLASS = YES_ERROR;
				CLANG_WARN_UNREACHABLE_CODE = YES;
				CLANG_WARN__DUPLICATE_METHOD_MATCH = YES;
				CODE_SIGN_IDENTITY = "iPhone Developer: Joseph Peplowski (2AHDT8PYYJ)";
				"CODE_SIGN_IDENTITY[sdk=iphoneos*]" = "iPhone Developer: Joseph Peplowski (2AHDT8PYYJ)";
				COPY_PHASE_STRIP = NO;
				DEBUG_INFORMATION_FORMAT = "dwarf-with-dsym";
				ENABLE_STRICT_OBJC_MSGSEND = YES;
				ENABLE_TESTABILITY = YES;
				GCC_C_LANGUAGE_STANDARD = gnu99;
				GCC_DYNAMIC_NO_PIC = NO;
				GCC_NO_COMMON_BLOCKS = YES;
				GCC_OPTIMIZATION_LEVEL = 0;
				GCC_PREPROCESSOR_DEFINITIONS = (
					"DEBUG=1",
					"$(inherited)",
				);
				GCC_SYMBOLS_PRIVATE_EXTERN = NO;
				GCC_WARN_64_TO_32_BIT_CONVERSION = YES;
				GCC_WARN_ABOUT_RETURN_TYPE = YES_ERROR;
				GCC_WARN_UNDECLARED_SELECTOR = YES;
				GCC_WARN_UNINITIALIZED_AUTOS = YES_AGGRESSIVE;
				GCC_WARN_UNUSED_FUNCTION = YES;
				GCC_WARN_UNUSED_VARIABLE = YES;
				IPHONEOS_DEPLOYMENT_TARGET = 9.0;
				MTL_ENABLE_DEBUG_INFO = YES;
				ONLY_ACTIVE_ARCH = YES;
				PROVISIONING_PROFILE = "";
				SDKROOT = iphoneos;
				SWIFT_OPTIMIZATION_LEVEL = "-Onone";
			};
			name = Debug;
		};
		D8D87B111AF7F19B00303AB0 /* Release */ = {
			isa = XCBuildConfiguration;
			buildSettings = {
				ALWAYS_SEARCH_USER_PATHS = NO;
				CLANG_CXX_LANGUAGE_STANDARD = "gnu++0x";
				CLANG_CXX_LIBRARY = "libc++";
				CLANG_ENABLE_MODULES = YES;
				CLANG_ENABLE_OBJC_ARC = YES;
				CLANG_WARN_BOOL_CONVERSION = YES;
				CLANG_WARN_CONSTANT_CONVERSION = YES;
				CLANG_WARN_DIRECT_OBJC_ISA_USAGE = YES_ERROR;
				CLANG_WARN_EMPTY_BODY = YES;
				CLANG_WARN_ENUM_CONVERSION = YES;
				CLANG_WARN_INT_CONVERSION = YES;
				CLANG_WARN_OBJC_ROOT_CLASS = YES_ERROR;
				CLANG_WARN_UNREACHABLE_CODE = YES;
				CLANG_WARN__DUPLICATE_METHOD_MATCH = YES;
				CODE_SIGN_IDENTITY = "iPhone Distribution: Joseph Peplowski (GMFR6JL5MS)";
				"CODE_SIGN_IDENTITY[sdk=iphoneos*]" = "iPhone Distribution: Joseph Peplowski (GMFR6JL5MS)";
				COPY_PHASE_STRIP = NO;
				DEBUG_INFORMATION_FORMAT = "dwarf-with-dsym";
				ENABLE_NS_ASSERTIONS = NO;
				ENABLE_STRICT_OBJC_MSGSEND = YES;
				GCC_C_LANGUAGE_STANDARD = gnu99;
				GCC_NO_COMMON_BLOCKS = YES;
				GCC_WARN_64_TO_32_BIT_CONVERSION = YES;
				GCC_WARN_ABOUT_RETURN_TYPE = YES_ERROR;
				GCC_WARN_UNDECLARED_SELECTOR = YES;
				GCC_WARN_UNINITIALIZED_AUTOS = YES_AGGRESSIVE;
				GCC_WARN_UNUSED_FUNCTION = YES;
				GCC_WARN_UNUSED_VARIABLE = YES;
				IPHONEOS_DEPLOYMENT_TARGET = 9.0;
				MTL_ENABLE_DEBUG_INFO = NO;
				PROVISIONING_PROFILE = "";
				SDKROOT = iphoneos;
				VALIDATE_PRODUCT = YES;
			};
			name = Release;
		};
		D8D87B131AF7F19B00303AB0 /* Debug */ = {
			isa = XCBuildConfiguration;
			buildSettings = {
				ASSETCATALOG_COMPILER_APPICON_NAME = AppIcon;
				ASSETCATALOG_COMPILER_LAUNCHIMAGE_NAME = "Brand Assets";
				CLANG_ENABLE_MODULES = YES;
				CODE_SIGN_IDENTITY = "iPhone Developer: Joseph Peplowski (2AHDT8PYYJ)";
				"CODE_SIGN_IDENTITY[sdk=iphoneos*]" = "iPhone Developer: Joseph Peplowski (2AHDT8PYYJ)";
				ENABLE_BITCODE = NO;
				FRAMEWORK_SEARCH_PATHS = (
					"$(inherited)",
					"$(PROJECT_DIR)/Free\\ Food\\ App",
					"$(PROJECT_DIR)/Free\\ Food\\ App",
					"$(PROJECT_DIR)/Free\\ Food\\ App",
					"$(PROJECT_DIR)/Free\\ Food\\ App",
					"$(PROJECT_DIR)/Free\\ Food\\ App",
					"$(PROJECT_DIR)/Free\\ Food\\ App",
					"$(PROJECT_DIR)/Free\\ Food\\ App",
					"$(PROJECT_DIR)/Free\\ Food\\ App",
					"$(PROJECT_DIR)",
					"$(PROJECT_DIR)/Free\\ Food\\ App",
					"$(PROJECT_DIR)/Free\\ Food\\ App",
					"$(PROJECT_DIR)/Free\\ Food\\ App",
					"$(PROJECT_DIR)/Free\\ Food\\ App",
					"$(PROJECT_DIR)/Free\\ Food\\ App",
					"$(PROJECT_DIR)/Free\\ Food\\ App",
					"$(PROJECT_DIR)/Free\\ Food\\ App",
					"$(PROJECT_DIR)/Free\\ Food\\ App",
					"$(PROJECT_DIR)/Free\\ Food\\ App",
				);
				INFOPLIST_FILE = "Free Food App/Info.plist";
				IPHONEOS_DEPLOYMENT_TARGET = 9.2;
				LD_RUNPATH_SEARCH_PATHS = "$(inherited) @executable_path/Frameworks";
				PRODUCT_BUNDLE_IDENTIFIER = com.yesthisisjoe.freefoodapp;
				PRODUCT_NAME = "$(TARGET_NAME)";
				PROVISIONING_PROFILE = "a70f3a39-dfc4-4247-9f33-e0ae880f9fa1";
				SWIFT_OPTIMIZATION_LEVEL = "-Onone";
				TARGETED_DEVICE_FAMILY = 1;
			};
			name = Debug;
		};
		D8D87B141AF7F19B00303AB0 /* Release */ = {
			isa = XCBuildConfiguration;
			buildSettings = {
				ASSETCATALOG_COMPILER_APPICON_NAME = AppIcon;
				ASSETCATALOG_COMPILER_LAUNCHIMAGE_NAME = "Brand Assets";
				CLANG_ENABLE_MODULES = YES;
				CODE_SIGN_IDENTITY = "iPhone Developer: Joseph Peplowski (2AHDT8PYYJ)";
				"CODE_SIGN_IDENTITY[sdk=iphoneos*]" = "iPhone Developer: Joseph Peplowski (2AHDT8PYYJ)";
				ENABLE_BITCODE = NO;
				FRAMEWORK_SEARCH_PATHS = (
					"$(inherited)",
					"$(PROJECT_DIR)/Free\\ Food\\ App",
					"$(PROJECT_DIR)/Free\\ Food\\ App",
					"$(PROJECT_DIR)/Free\\ Food\\ App",
					"$(PROJECT_DIR)/Free\\ Food\\ App",
					"$(PROJECT_DIR)/Free\\ Food\\ App",
					"$(PROJECT_DIR)/Free\\ Food\\ App",
					"$(PROJECT_DIR)/Free\\ Food\\ App",
					"$(PROJECT_DIR)/Free\\ Food\\ App",
					"$(PROJECT_DIR)",
					"$(PROJECT_DIR)/Free\\ Food\\ App",
					"$(PROJECT_DIR)/Free\\ Food\\ App",
					"$(PROJECT_DIR)/Free\\ Food\\ App",
					"$(PROJECT_DIR)/Free\\ Food\\ App",
					"$(PROJECT_DIR)/Free\\ Food\\ App",
					"$(PROJECT_DIR)/Free\\ Food\\ App",
					"$(PROJECT_DIR)/Free\\ Food\\ App",
					"$(PROJECT_DIR)/Free\\ Food\\ App",
					"$(PROJECT_DIR)/Free\\ Food\\ App",
				);
				INFOPLIST_FILE = "Free Food App/Info.plist";
				IPHONEOS_DEPLOYMENT_TARGET = 9.2;
				LD_RUNPATH_SEARCH_PATHS = "$(inherited) @executable_path/Frameworks";
				PRODUCT_BUNDLE_IDENTIFIER = com.yesthisisjoe.freefoodapp;
				PRODUCT_NAME = "$(TARGET_NAME)";
				PROVISIONING_PROFILE = "a70f3a39-dfc4-4247-9f33-e0ae880f9fa1";
				TARGETED_DEVICE_FAMILY = 1;
			};
			name = Release;
		};
		D8D87B161AF7F19B00303AB0 /* Debug */ = {
			isa = XCBuildConfiguration;
			buildSettings = {
				BUNDLE_LOADER = "$(TEST_HOST)";
				CODE_SIGN_IDENTITY = "iPhone Developer: Joseph Peplowski (2AHDT8PYYJ)";
				FRAMEWORK_SEARCH_PATHS = (
					"$(SDKROOT)/Developer/Library/Frameworks",
					"$(inherited)",
				);
				GCC_PREPROCESSOR_DEFINITIONS = (
					"DEBUG=1",
					"$(inherited)",
				);
				INFOPLIST_FILE = "Free Food AppTests/Info.plist";
				LD_RUNPATH_SEARCH_PATHS = "$(inherited) @executable_path/Frameworks @loader_path/Frameworks";
				PRODUCT_BUNDLE_IDENTIFIER = "com.blankbullets.$(PRODUCT_NAME:rfc1034identifier)";
				PRODUCT_NAME = "$(TARGET_NAME)";
				TEST_HOST = "$(BUILT_PRODUCTS_DIR)/Free Food App.app/Free Food App";
			};
			name = Debug;
		};
		D8D87B171AF7F19B00303AB0 /* Release */ = {
			isa = XCBuildConfiguration;
			buildSettings = {
				BUNDLE_LOADER = "$(TEST_HOST)";
				CODE_SIGN_IDENTITY = "iPhone Developer: Joseph Peplowski (2AHDT8PYYJ)";
				FRAMEWORK_SEARCH_PATHS = (
					"$(SDKROOT)/Developer/Library/Frameworks",
					"$(inherited)",
				);
				INFOPLIST_FILE = "Free Food AppTests/Info.plist";
				LD_RUNPATH_SEARCH_PATHS = "$(inherited) @executable_path/Frameworks @loader_path/Frameworks";
				PRODUCT_BUNDLE_IDENTIFIER = "com.blankbullets.$(PRODUCT_NAME:rfc1034identifier)";
				PRODUCT_NAME = "$(TARGET_NAME)";
				TEST_HOST = "$(BUILT_PRODUCTS_DIR)/Free Food App.app/Free Food App";
			};
			name = Release;
		};
/* End XCBuildConfiguration section */

/* Begin XCConfigurationList section */
		D8D87AEB1AF7F19B00303AB0 /* Build configuration list for PBXProject "Free Food App" */ = {
			isa = XCConfigurationList;
			buildConfigurations = (
				D8D87B101AF7F19B00303AB0 /* Debug */,
				D8D87B111AF7F19B00303AB0 /* Release */,
			);
			defaultConfigurationIsVisible = 0;
			defaultConfigurationName = Release;
		};
		D8D87B121AF7F19B00303AB0 /* Build configuration list for PBXNativeTarget "Free Food App" */ = {
			isa = XCConfigurationList;
			buildConfigurations = (
				D8D87B131AF7F19B00303AB0 /* Debug */,
				D8D87B141AF7F19B00303AB0 /* Release */,
			);
			defaultConfigurationIsVisible = 0;
			defaultConfigurationName = Release;
		};
		D8D87B151AF7F19B00303AB0 /* Build configuration list for PBXNativeTarget "Free Food AppTests" */ = {
			isa = XCConfigurationList;
			buildConfigurations = (
				D8D87B161AF7F19B00303AB0 /* Debug */,
				D8D87B171AF7F19B00303AB0 /* Release */,
			);
			defaultConfigurationIsVisible = 0;
			defaultConfigurationName = Release;
		};
/* End XCConfigurationList section */
	};
	rootObject = D8D87AE81AF7F19B00303AB0 /* Project object */;
}
