// !$*UTF8*$!
{
	archiveVersion = 1;
	classes = {
	};
	objectVersion = 46;
	objects = {

/* Begin PBXBuildFile section */
		D8059AB71B025C8F00200348 /* Parse.framework in Frameworks */ = {isa = PBXBuildFile; fileRef = D8059AB61B025C8F00200348 /* Parse.framework */; };
		D8427EDB1AF7F5A500B0F004 /* CoreLocation.framework in Frameworks */ = {isa = PBXBuildFile; fileRef = D8427EDA1AF7F5A500B0F004 /* CoreLocation.framework */; };
		D8D87AF61AF7F19B00303AB0 /* AppDelegate.swift in Sources */ = {isa = PBXBuildFile; fileRef = D8D87AF51AF7F19B00303AB0 /* AppDelegate.swift */; };
		D8D87AF91AF7F19B00303AB0 /* Free_Food_App.xcdatamodeld in Sources */ = {isa = PBXBuildFile; fileRef = D8D87AF71AF7F19B00303AB0 /* Free_Food_App.xcdatamodeld */; };
		D8D87AFB1AF7F19B00303AB0 /* ViewController.swift in Sources */ = {isa = PBXBuildFile; fileRef = D8D87AFA1AF7F19B00303AB0 /* ViewController.swift */; };
		D8D87AFE1AF7F19B00303AB0 /* Main.storyboard in Resources */ = {isa = PBXBuildFile; fileRef = D8D87AFC1AF7F19B00303AB0 /* Main.storyboard */; };
		D8D87B001AF7F19B00303AB0 /* Images.xcassets in Resources */ = {isa = PBXBuildFile; fileRef = D8D87AFF1AF7F19B00303AB0 /* Images.xcassets */; };
		D8D87B031AF7F19B00303AB0 /* LaunchScreen.xib in Resources */ = {isa = PBXBuildFile; fileRef = D8D87B011AF7F19B00303AB0 /* LaunchScreen.xib */; };
		D8D87B0F1AF7F19B00303AB0 /* Free_Food_AppTests.swift in Sources */ = {isa = PBXBuildFile; fileRef = D8D87B0E1AF7F19B00303AB0 /* Free_Food_AppTests.swift */; };
		D8E8649D1AF84D84006986B9 /* Bolts.framework in Frameworks */ = {isa = PBXBuildFile; fileRef = D8E8649B1AF84D84006986B9 /* Bolts.framework */; };
		D8E864A01AF84DAE006986B9 /* AudioToolbox.framework in Frameworks */ = {isa = PBXBuildFile; fileRef = D8E8649F1AF84DAE006986B9 /* AudioToolbox.framework */; };
		D8E864A21AF84DB4006986B9 /* CFNetwork.framework in Frameworks */ = {isa = PBXBuildFile; fileRef = D8E864A11AF84DB4006986B9 /* CFNetwork.framework */; };
		D8E864A41AF84DBB006986B9 /* CoreGraphics.framework in Frameworks */ = {isa = PBXBuildFile; fileRef = D8E864A31AF84DBB006986B9 /* CoreGraphics.framework */; };
		D8E864A61AF84DC8006986B9 /* MobileCoreServices.framework in Frameworks */ = {isa = PBXBuildFile; fileRef = D8E864A51AF84DC8006986B9 /* MobileCoreServices.framework */; };
		D8E864A81AF84DD0006986B9 /* QuartzCore.framework in Frameworks */ = {isa = PBXBuildFile; fileRef = D8E864A71AF84DD0006986B9 /* QuartzCore.framework */; };
		D8E864AA1AF84DDA006986B9 /* Security.framework in Frameworks */ = {isa = PBXBuildFile; fileRef = D8E864A91AF84DDA006986B9 /* Security.framework */; };
		D8E864AC1AF84DE1006986B9 /* StoreKit.framework in Frameworks */ = {isa = PBXBuildFile; fileRef = D8E864AB1AF84DE1006986B9 /* StoreKit.framework */; };
		D8E864AE1AF84DE7006986B9 /* SystemConfiguration.framework in Frameworks */ = {isa = PBXBuildFile; fileRef = D8E864AD1AF84DE7006986B9 /* SystemConfiguration.framework */; };
		D8E864B01AF84DEF006986B9 /* libz.dylib in Frameworks */ = {isa = PBXBuildFile; fileRef = D8E864AF1AF84DEF006986B9 /* libz.dylib */; };
		D8E864B21AF84DF6006986B9 /* libsqlite3.dylib in Frameworks */ = {isa = PBXBuildFile; fileRef = D8E864B11AF84DF6006986B9 /* libsqlite3.dylib */; };
		D8E864B91AF95496006986B9 /* Shared.swift in Sources */ = {isa = PBXBuildFile; fileRef = D8E864B81AF95496006986B9 /* Shared.swift */; };
/* End PBXBuildFile section */

/* Begin PBXContainerItemProxy section */
		D8D87B091AF7F19B00303AB0 /* PBXContainerItemProxy */ = {
			isa = PBXContainerItemProxy;
			containerPortal = D8D87AE81AF7F19B00303AB0 /* Project object */;
			proxyType = 1;
			remoteGlobalIDString = D8D87AEF1AF7F19B00303AB0;
			remoteInfo = "Free Food App";
		};
/* End PBXContainerItemProxy section */

/* Begin PBXFileReference section */
		D8059AB61B025C8F00200348 /* Parse.framework */ = {isa = PBXFileReference; lastKnownFileType = wrapper.framework; name = Parse.framework; path = "Free Food App/Parse.framework"; sourceTree = "<group>"; };
		D8427EDA1AF7F5A500B0F004 /* CoreLocation.framework */ = {isa = PBXFileReference; lastKnownFileType = wrapper.framework; name = CoreLocation.framework; path = System/Library/Frameworks/CoreLocation.framework; sourceTree = SDKROOT; };
		D8D87AF01AF7F19B00303AB0 /* Free Food App.app */ = {isa = PBXFileReference; explicitFileType = wrapper.application; includeInIndex = 0; path = "Free Food App.app"; sourceTree = BUILT_PRODUCTS_DIR; };
		D8D87AF41AF7F19B00303AB0 /* Info.plist */ = {isa = PBXFileReference; lastKnownFileType = text.plist.xml; path = Info.plist; sourceTree = "<group>"; };
		D8D87AF51AF7F19B00303AB0 /* AppDelegate.swift */ = {isa = PBXFileReference; lastKnownFileType = sourcecode.swift; path = AppDelegate.swift; sourceTree = "<group>"; };
		D8D87AF81AF7F19B00303AB0 /* Free_Food_App.xcdatamodel */ = {isa = PBXFileReference; lastKnownFileType = wrapper.xcdatamodel; path = Free_Food_App.xcdatamodel; sourceTree = "<group>"; };
		D8D87AFA1AF7F19B00303AB0 /* ViewController.swift */ = {isa = PBXFileReference; lastKnownFileType = sourcecode.swift; path = ViewController.swift; sourceTree = "<group>"; };
		D8D87AFD1AF7F19B00303AB0 /* Base */ = {isa = PBXFileReference; lastKnownFileType = file.storyboard; name = Base; path = Base.lproj/Main.storyboard; sourceTree = "<group>"; };
		D8D87AFF1AF7F19B00303AB0 /* Images.xcassets */ = {isa = PBXFileReference; lastKnownFileType = folder.assetcatalog; path = Images.xcassets; sourceTree = "<group>"; };
		D8D87B021AF7F19B00303AB0 /* Base */ = {isa = PBXFileReference; lastKnownFileType = file.xib; name = Base; path = Base.lproj/LaunchScreen.xib; sourceTree = "<group>"; };
		D8D87B081AF7F19B00303AB0 /* Free Food AppTests.xctest */ = {isa = PBXFileReference; explicitFileType = wrapper.cfbundle; includeInIndex = 0; path = "Free Food AppTests.xctest"; sourceTree = BUILT_PRODUCTS_DIR; };
		D8D87B0D1AF7F19B00303AB0 /* Info.plist */ = {isa = PBXFileReference; lastKnownFileType = text.plist.xml; path = Info.plist; sourceTree = "<group>"; };
		D8D87B0E1AF7F19B00303AB0 /* Free_Food_AppTests.swift */ = {isa = PBXFileReference; lastKnownFileType = sourcecode.swift; path = Free_Food_AppTests.swift; sourceTree = "<group>"; };
		D8E8649B1AF84D84006986B9 /* Bolts.framework */ = {isa = PBXFileReference; lastKnownFileType = wrapper.framework; path = Bolts.framework; sourceTree = "<group>"; };
		D8E8649F1AF84DAE006986B9 /* AudioToolbox.framework */ = {isa = PBXFileReference; lastKnownFileType = wrapper.framework; name = AudioToolbox.framework; path = System/Library/Frameworks/AudioToolbox.framework; sourceTree = SDKROOT; };
		D8E864A11AF84DB4006986B9 /* CFNetwork.framework */ = {isa = PBXFileReference; lastKnownFileType = wrapper.framework; name = CFNetwork.framework; path = System/Library/Frameworks/CFNetwork.framework; sourceTree = SDKROOT; };
		D8E864A31AF84DBB006986B9 /* CoreGraphics.framework */ = {isa = PBXFileReference; lastKnownFileType = wrapper.framework; name = CoreGraphics.framework; path = System/Library/Frameworks/CoreGraphics.framework; sourceTree = SDKROOT; };
		D8E864A51AF84DC8006986B9 /* MobileCoreServices.framework */ = {isa = PBXFileReference; lastKnownFileType = wrapper.framework; name = MobileCoreServices.framework; path = System/Library/Frameworks/MobileCoreServices.framework; sourceTree = SDKROOT; };
		D8E864A71AF84DD0006986B9 /* QuartzCore.framework */ = {isa = PBXFileReference; lastKnownFileType = wrapper.framework; name = QuartzCore.framework; path = System/Library/Frameworks/QuartzCore.framework; sourceTree = SDKROOT; };
		D8E864A91AF84DDA006986B9 /* Security.framework */ = {isa = PBXFileReference; lastKnownFileType = wrapper.framework; name = Security.framework; path = System/Library/Frameworks/Security.framework; sourceTree = SDKROOT; };
		D8E864AB1AF84DE1006986B9 /* StoreKit.framework */ = {isa = PBXFileReference; lastKnownFileType = wrapper.framework; name = StoreKit.framework; path = System/Library/Frameworks/StoreKit.framework; sourceTree = SDKROOT; };
		D8E864AD1AF84DE7006986B9 /* SystemConfiguration.framework */ = {isa = PBXFileReference; lastKnownFileType = wrapper.framework; name = SystemConfiguration.framework; path = System/Library/Frameworks/SystemConfiguration.framework; sourceTree = SDKROOT; };
		D8E864AF1AF84DEF006986B9 /* libz.dylib */ = {isa = PBXFileReference; lastKnownFileType = "compiled.mach-o.dylib"; name = libz.dylib; path = usr/lib/libz.dylib; sourceTree = SDKROOT; };
		D8E864B11AF84DF6006986B9 /* libsqlite3.dylib */ = {isa = PBXFileReference; lastKnownFileType = "compiled.mach-o.dylib"; name = libsqlite3.dylib; path = usr/lib/libsqlite3.dylib; sourceTree = SDKROOT; };
		D8E864B81AF95496006986B9 /* Shared.swift */ = {isa = PBXFileReference; fileEncoding = 4; lastKnownFileType = sourcecode.swift; path = Shared.swift; sourceTree = "<group>"; };
/* End PBXFileReference section */

/* Begin PBXFrameworksBuildPhase section */
		D8D87AED1AF7F19B00303AB0 /* Frameworks */ = {
			isa = PBXFrameworksBuildPhase;
			buildActionMask = 2147483647;
			files = (
				D8E864B21AF84DF6006986B9 /* libsqlite3.dylib in Frameworks */,
				D8E864B01AF84DEF006986B9 /* libz.dylib in Frameworks */,
				D8E864AE1AF84DE7006986B9 /* SystemConfiguration.framework in Frameworks */,
				D8E864AC1AF84DE1006986B9 /* StoreKit.framework in Frameworks */,
				D8E864AA1AF84DDA006986B9 /* Security.framework in Frameworks */,
				D8E864A81AF84DD0006986B9 /* QuartzCore.framework in Frameworks */,
				D8059AB71B025C8F00200348 /* Parse.framework in Frameworks */,
				D8E864A61AF84DC8006986B9 /* MobileCoreServices.framework in Frameworks */,
				D8427EDB1AF7F5A500B0F004 /* CoreLocation.framework in Frameworks */,
				D8E864A41AF84DBB006986B9 /* CoreGraphics.framework in Frameworks */,
				D8E864A21AF84DB4006986B9 /* CFNetwork.framework in Frameworks */,
				D8E864A01AF84DAE006986B9 /* AudioToolbox.framework in Frameworks */,
				D8E8649D1AF84D84006986B9 /* Bolts.framework in Frameworks */,
			);
			runOnlyForDeploymentPostprocessing = 0;
		};
		D8D87B051AF7F19B00303AB0 /* Frameworks */ = {
			isa = PBXFrameworksBuildPhase;
			buildActionMask = 2147483647;
			files = (
			);
			runOnlyForDeploymentPostprocessing = 0;
		};
/* End PBXFrameworksBuildPhase section */

/* Begin PBXGroup section */
		D8D87AE71AF7F19B00303AB0 = {
			isa = PBXGroup;
			children = (
				D8059AB61B025C8F00200348 /* Parse.framework */,
				D8E864B11AF84DF6006986B9 /* libsqlite3.dylib */,
				D8E864AF1AF84DEF006986B9 /* libz.dylib */,
				D8E864AD1AF84DE7006986B9 /* SystemConfiguration.framework */,
				D8E864AB1AF84DE1006986B9 /* StoreKit.framework */,
				D8E864A91AF84DDA006986B9 /* Security.framework */,
				D8E864A71AF84DD0006986B9 /* QuartzCore.framework */,
				D8E864A51AF84DC8006986B9 /* MobileCoreServices.framework */,
				D8E864A31AF84DBB006986B9 /* CoreGraphics.framework */,
				D8E864A11AF84DB4006986B9 /* CFNetwork.framework */,
				D8E8649F1AF84DAE006986B9 /* AudioToolbox.framework */,
				D8427EDA1AF7F5A500B0F004 /* CoreLocation.framework */,
				D8D87AF21AF7F19B00303AB0 /* Free Food App */,
				D8D87B0B1AF7F19B00303AB0 /* Free Food AppTests */,
				D8D87AF11AF7F19B00303AB0 /* Products */,
			);
			sourceTree = "<group>";
		};
		D8D87AF11AF7F19B00303AB0 /* Products */ = {
			isa = PBXGroup;
			children = (
				D8D87AF01AF7F19B00303AB0 /* Free Food App.app */,
				D8D87B081AF7F19B00303AB0 /* Free Food AppTests.xctest */,
			);
			name = Products;
			sourceTree = "<group>";
		};
		D8D87AF21AF7F19B00303AB0 /* Free Food App */ = {
			isa = PBXGroup;
			children = (
				D8E864B81AF95496006986B9 /* Shared.swift */,
				D8D87AF51AF7F19B00303AB0 /* AppDelegate.swift */,
				D8D87AFA1AF7F19B00303AB0 /* ViewController.swift */,
				D8D87AFC1AF7F19B00303AB0 /* Main.storyboard */,
				D8D87AFF1AF7F19B00303AB0 /* Images.xcassets */,
				D8D87B011AF7F19B00303AB0 /* LaunchScreen.xib */,
				D8D87AF71AF7F19B00303AB0 /* Free_Food_App.xcdatamodeld */,
				D8E8649B1AF84D84006986B9 /* Bolts.framework */,
				D8D87AF31AF7F19B00303AB0 /* Supporting Files */,
			);
			path = "Free Food App";
			sourceTree = "<group>";
		};
		D8D87AF31AF7F19B00303AB0 /* Supporting Files */ = {
			isa = PBXGroup;
			children = (
				D8D87AF41AF7F19B00303AB0 /* Info.plist */,
			);
			name = "Supporting Files";
			sourceTree = "<group>";
		};
		D8D87B0B1AF7F19B00303AB0 /* Free Food AppTests */ = {
			isa = PBXGroup;
			children = (
				D8D87B0E1AF7F19B00303AB0 /* Free_Food_AppTests.swift */,
				D8D87B0C1AF7F19B00303AB0 /* Supporting Files */,
			);
			path = "Free Food AppTests";
			sourceTree = "<group>";
		};
		D8D87B0C1AF7F19B00303AB0 /* Supporting Files */ = {
			isa = PBXGroup;
			children = (
				D8D87B0D1AF7F19B00303AB0 /* Info.plist */,
			);
			name = "Supporting Files";
			sourceTree = "<group>";
		};
/* End PBXGroup section */

/* Begin PBXNativeTarget section */
		D8D87AEF1AF7F19B00303AB0 /* Free Food App */ = {
			isa = PBXNativeTarget;
			buildConfigurationList = D8D87B121AF7F19B00303AB0 /* Build configuration list for PBXNativeTarget "Free Food App" */;
			buildPhases = (
				D8D87AEC1AF7F19B00303AB0 /* Sources */,
				D8D87AED1AF7F19B00303AB0 /* Frameworks */,
				D8D87AEE1AF7F19B00303AB0 /* Resources */,
			);
			buildRules = (
			);
			dependencies = (
			);
			name = "Free Food App";
			productName = "Free Food App";
			productReference = D8D87AF01AF7F19B00303AB0 /* Free Food App.app */;
			productType = "com.apple.product-type.application";
		};
		D8D87B071AF7F19B00303AB0 /* Free Food AppTests */ = {
			isa = PBXNativeTarget;
			buildConfigurationList = D8D87B151AF7F19B00303AB0 /* Build configuration list for PBXNativeTarget "Free Food AppTests" */;
			buildPhases = (
				D8D87B041AF7F19B00303AB0 /* Sources */,
				D8D87B051AF7F19B00303AB0 /* Frameworks */,
				D8D87B061AF7F19B00303AB0 /* Resources */,
			);
			buildRules = (
			);
			dependencies = (
				D8D87B0A1AF7F19B00303AB0 /* PBXTargetDependency */,
			);
			name = "Free Food AppTests";
			productName = "Free Food AppTests";
			productReference = D8D87B081AF7F19B00303AB0 /* Free Food AppTests.xctest */;
			productType = "com.apple.product-type.bundle.unit-test";
		};
/* End PBXNativeTarget section */

/* Begin PBXProject section */
		D8D87AE81AF7F19B00303AB0 /* Project object */ = {
			isa = PBXProject;
			attributes = {
				LastUpgradeCheck = 0640;
				ORGANIZATIONNAME = "Joseph Peplowski";
				TargetAttributes = {
					D8D87AEF1AF7F19B00303AB0 = {
						CreatedOnToolsVersion = 6.4;
					};
					D8D87B071AF7F19B00303AB0 = {
						CreatedOnToolsVersion = 6.4;
						TestTargetID = D8D87AEF1AF7F19B00303AB0;
					};
				};
			};
			buildConfigurationList = D8D87AEB1AF7F19B00303AB0 /* Build configuration list for PBXProject "Free Food App" */;
			compatibilityVersion = "Xcode 3.2";
			developmentRegion = English;
			hasScannedForEncodings = 0;
			knownRegions = (
				en,
				Base,
			);
			mainGroup = D8D87AE71AF7F19B00303AB0;
			productRefGroup = D8D87AF11AF7F19B00303AB0 /* Products */;
			projectDirPath = "";
			projectRoot = "";
			targets = (
				D8D87AEF1AF7F19B00303AB0 /* Free Food App */,
				D8D87B071AF7F19B00303AB0 /* Free Food AppTests */,
			);
		};
/* End PBXProject section */

/* Begin PBXResourcesBuildPhase section */
		D8D87AEE1AF7F19B00303AB0 /* Resources */ = {
			isa = PBXResourcesBuildPhase;
			buildActionMask = 2147483647;
			files = (
				D8D87AFE1AF7F19B00303AB0 /* Main.storyboard in Resources */,
				D8D87B031AF7F19B00303AB0 /* LaunchScreen.xib in Resources */,
				D8D87B001AF7F19B00303AB0 /* Images.xcassets in Resources */,
			);
			runOnlyForDeploymentPostprocessing = 0;
		};
		D8D87B061AF7F19B00303AB0 /* Resources */ = {
			isa = PBXResourcesBuildPhase;
			buildActionMask = 2147483647;
			files = (
			);
			runOnlyForDeploymentPostprocessing = 0;
		};
/* End PBXResourcesBuildPhase section */

/* Begin PBXSourcesBuildPhase section */
		D8D87AEC1AF7F19B00303AB0 /* Sources */ = {
			isa = PBXSourcesBuildPhase;
			buildActionMask = 2147483647;
			files = (
				D8D87AFB1AF7F19B00303AB0 /* ViewController.swift in Sources */,
				D8D87AF61AF7F19B00303AB0 /* AppDelegate.swift in Sources */,
				D8E864B91AF95496006986B9 /* Shared.swift in Sources */,
				D8D87AF91AF7F19B00303AB0 /* Free_Food_App.xcdatamodeld in Sources */,
			);
			runOnlyForDeploymentPostprocessing = 0;
		};
		D8D87B041AF7F19B00303AB0 /* Sources */ = {
			isa = PBXSourcesBuildPhase;
			buildActionMask = 2147483647;
			files = (
				D8D87B0F1AF7F19B00303AB0 /* Free_Food_AppTests.swift in Sources */,
			);
			runOnlyForDeploymentPostprocessing = 0;
		};
/* End PBXSourcesBuildPhase section */

/* Begin PBXTargetDependency section */
		D8D87B0A1AF7F19B00303AB0 /* PBXTargetDependency */ = {
			isa = PBXTargetDependency;
			target = D8D87AEF1AF7F19B00303AB0 /* Free Food App */;
			targetProxy = D8D87B091AF7F19B00303AB0 /* PBXContainerItemProxy */;
		};
/* End PBXTargetDependency section */

/* Begin PBXVariantGroup section */
		D8D87AFC1AF7F19B00303AB0 /* Main.storyboard */ = {
			isa = PBXVariantGroup;
			children = (
				D8D87AFD1AF7F19B00303AB0 /* Base */,
			);
			name = Main.storyboard;
			sourceTree = "<group>";
		};
		D8D87B011AF7F19B00303AB0 /* LaunchScreen.xib */ = {
			isa = PBXVariantGroup;
			children = (
				D8D87B021AF7F19B00303AB0 /* Base */,
			);
			name = LaunchScreen.xib;
			sourceTree = "<group>";
		};
/* End PBXVariantGroup section */

/* Begin XCBuildConfiguration section */
		D8D87B101AF7F19B00303AB0 /* Debug */ = {
			isa = XCBuildConfiguration;
			buildSettings = {
				ALWAYS_SEARCH_USER_PATHS = NO;
				CLANG_CXX_LANGUAGE_STANDARD = "gnu++0x";
				CLANG_CXX_LIBRARY = "libc++";
				CLANG_ENABLE_MODULES = YES;
				CLANG_ENABLE_OBJC_ARC = YES;
				CLANG_WARN_BOOL_CONVERSION = YES;
				CLANG_WARN_CONSTANT_CONVERSION = YES;
				CLANG_WARN_DIRECT_OBJC_ISA_USAGE = YES_ERROR;
				CLANG_WARN_EMPTY_BODY = YES;
				CLANG_WARN_ENUM_CONVERSION = YES;
				CLANG_WARN_INT_CONVERSION = YES;
				CLANG_WARN_OBJC_ROOT_CLASS = YES_ERROR;
				CLANG_WARN_UNREACHABLE_CODE = YES;
				CLANG_WARN__DUPLICATE_METHOD_MATCH = YES;
				"CODE_SIGN_IDENTITY[sdk=iphoneos*]" = "iPhone Developer";
				COPY_PHASE_STRIP = NO;
				DEBUG_INFORMATION_FORMAT = "dwarf-with-dsym";
				ENABLE_STRICT_OBJC_MSGSEND = YES;
				GCC_C_LANGUAGE_STANDARD = gnu99;
				GCC_DYNAMIC_NO_PIC = NO;
				GCC_NO_COMMON_BLOCKS = YES;
				GCC_OPTIMIZATION_LEVEL = 0;
				GCC_PREPROCESSOR_DEFINITIONS = (
					"DEBUG=1",
					"$(inherited)",
				);
				GCC_SYMBOLS_PRIVATE_EXTERN = NO;
				GCC_WARN_64_TO_32_BIT_CONVERSION = YES;
				GCC_WARN_ABOUT_RETURN_TYPE = YES_ERROR;
				GCC_WARN_UNDECLARED_SELECTOR = YES;
				GCC_WARN_UNINITIALIZED_AUTOS = YES_AGGRESSIVE;
				GCC_WARN_UNUSED_FUNCTION = YES;
				GCC_WARN_UNUSED_VARIABLE = YES;
				IPHONEOS_DEPLOYMENT_TARGET = 8.4;
				MTL_ENABLE_DEBUG_INFO = YES;
				ONLY_ACTIVE_ARCH = YES;
				SDKROOT = iphoneos;
				SWIFT_OPTIMIZATION_LEVEL = "-Onone";
			};
			name = Debug;
		};
		D8D87B111AF7F19B00303AB0 /* Release */ = {
			isa = XCBuildConfiguration;
			buildSettings = {
				ALWAYS_SEARCH_USER_PATHS = NO;
				CLANG_CXX_LANGUAGE_STANDARD = "gnu++0x";
				CLANG_CXX_LIBRARY = "libc++";
				CLANG_ENABLE_MODULES = YES;
				CLANG_ENABLE_OBJC_ARC = YES;
				CLANG_WARN_BOOL_CONVERSION = YES;
				CLANG_WARN_CONSTANT_CONVERSION = YES;
				CLANG_WARN_DIRECT_OBJC_ISA_USAGE = YES_ERROR;
				CLANG_WARN_EMPTY_BODY = YES;
				CLANG_WARN_ENUM_CONVERSION = YES;
				CLANG_WARN_INT_CONVERSION = YES;
				CLANG_WARN_OBJC_ROOT_CLASS = YES_ERROR;
				CLANG_WARN_UNREACHABLE_CODE = YES;
				CLANG_WARN__DUPLICATE_METHOD_MATCH = YES;
				"CODE_SIGN_IDENTITY[sdk=iphoneos*]" = "iPhone Developer";
				COPY_PHASE_STRIP = NO;
				DEBUG_INFORMATION_FORMAT = "dwarf-with-dsym";
				ENABLE_NS_ASSERTIONS = NO;
				ENABLE_STRICT_OBJC_MSGSEND = YES;
				GCC_C_LANGUAGE_STANDARD = gnu99;
				GCC_NO_COMMON_BLOCKS = YES;
				GCC_WARN_64_TO_32_BIT_CONVERSION = YES;
				GCC_WARN_ABOUT_RETURN_TYPE = YES_ERROR;
				GCC_WARN_UNDECLARED_SELECTOR = YES;
				GCC_WARN_UNINITIALIZED_AUTOS = YES_AGGRESSIVE;
				GCC_WARN_UNUSED_FUNCTION = YES;
				GCC_WARN_UNUSED_VARIABLE = YES;
				IPHONEOS_DEPLOYMENT_TARGET = 8.4;
				MTL_ENABLE_DEBUG_INFO = NO;
				SDKROOT = iphoneos;
				VALIDATE_PRODUCT = YES;
			};
			name = Release;
		};
		D8D87B131AF7F19B00303AB0 /* Debug */ = {
			isa = XCBuildConfiguration;
			buildSettings = {
				ASSETCATALOG_COMPILER_APPICON_NAME = AppIcon;
				CLANG_ENABLE_MODULES = YES;
				FRAMEWORK_SEARCH_PATHS = (
					"$(inherited)",
					"$(PROJECT_DIR)/Free",
					Food,
					App,
					"$(PROJECT_DIR)/Free",
					Food,
					App,
					"$(PROJECT_DIR)/Free",
					Food,
					App,
					"$(PROJECT_DIR)/Free",
					Food,
					App,
					"$(PROJECT_DIR)/Free",
					Food,
					App,
					"$(PROJECT_DIR)/Free",
					Food,
					App,
					"$(PROJECT_DIR)/Free",
					Food,
					App,
					"$(PROJECT_DIR)/Free",
					Food,
					App,
				);
				INFOPLIST_FILE = "Free Food App/Info.plist";
				LD_RUNPATH_SEARCH_PATHS = "$(inherited) @executable_path/Frameworks";
				PRODUCT_NAME = "$(TARGET_NAME)";
				SWIFT_OBJC_BRIDGING_HEADER = "";
				SWIFT_OPTIMIZATION_LEVEL = "-Onone";
			};
			name = Debug;
		};
		D8D87B141AF7F19B00303AB0 /* Release */ = {
			isa = XCBuildConfiguration;
			buildSettings = {
				ASSETCATALOG_COMPILER_APPICON_NAME = AppIcon;
				CLANG_ENABLE_MODULES = YES;
				FRAMEWORK_SEARCH_PATHS = (
					"$(inherited)",
					"$(PROJECT_DIR)/Free",
					Food,
					App,
					"$(PROJECT_DIR)/Free",
					Food,
					App,
					"$(PROJECT_DIR)/Free",
					Food,
					App,
					"$(PROJECT_DIR)/Free",
					Food,
					App,
					"$(PROJECT_DIR)/Free",
					Food,
					App,
					"$(PROJECT_DIR)/Free",
					Food,
					App,
					"$(PROJECT_DIR)/Free",
					Food,
					App,
					"$(PROJECT_DIR)/Free",
					Food,
					App,
				);
				INFOPLIST_FILE = "Free Food App/Info.plist";
				LD_RUNPATH_SEARCH_PATHS = "$(inherited) @executable_path/Frameworks";
				PRODUCT_NAME = "$(TARGET_NAME)";
				SWIFT_OBJC_BRIDGING_HEADER = "";
			};
			name = Release;
		};
		D8D87B161AF7F19B00303AB0 /* Debug */ = {
			isa = XCBuildConfiguration;
			buildSettings = {
				BUNDLE_LOADER = "$(TEST_HOST)";
				FRAMEWORK_SEARCH_PATHS = (
					"$(SDKROOT)/Developer/Library/Frameworks",
					"$(inherited)",
				);
				GCC_PREPROCESSOR_DEFINITIONS = (
					"DEBUG=1",
					"$(inherited)",
				);
				INFOPLIST_FILE = "Free Food AppTests/Info.plist";
				LD_RUNPATH_SEARCH_PATHS = "$(inherited) @executable_path/Frameworks @loader_path/Frameworks";
				PRODUCT_NAME = "$(TARGET_NAME)";
				TEST_HOST = "$(BUILT_PRODUCTS_DIR)/Free Food App.app/Free Food App";
			};
			name = Debug;
		};
		D8D87B171AF7F19B00303AB0 /* Release */ = {
			isa = XCBuildConfiguration;
			buildSettings = {
				BUNDLE_LOADER = "$(TEST_HOST)";
				FRAMEWORK_SEARCH_PATHS = (
					"$(SDKROOT)/Developer/Library/Frameworks",
					"$(inherited)",
				);
				INFOPLIST_FILE = "Free Food AppTests/Info.plist";
				LD_RUNPATH_SEARCH_PATHS = "$(inherited) @executable_path/Frameworks @loader_path/Frameworks";
				PRODUCT_NAME = "$(TARGET_NAME)";
				TEST_HOST = "$(BUILT_PRODUCTS_DIR)/Free Food App.app/Free Food App";
			};
			name = Release;
		};
/* End XCBuildConfiguration section */

/* Begin XCConfigurationList section */
		D8D87AEB1AF7F19B00303AB0 /* Build configuration list for PBXProject "Free Food App" */ = {
			isa = XCConfigurationList;
			buildConfigurations = (
				D8D87B101AF7F19B00303AB0 /* Debug */,
				D8D87B111AF7F19B00303AB0 /* Release */,
			);
			defaultConfigurationIsVisible = 0;
			defaultConfigurationName = Release;
		};
		D8D87B121AF7F19B00303AB0 /* Build configuration list for PBXNativeTarget "Free Food App" */ = {
			isa = XCConfigurationList;
			buildConfigurations = (
				D8D87B131AF7F19B00303AB0 /* Debug */,
				D8D87B141AF7F19B00303AB0 /* Release */,
			);
			defaultConfigurationIsVisible = 0;
			defaultConfigurationName = Release;
		};
		D8D87B151AF7F19B00303AB0 /* Build configuration list for PBXNativeTarget "Free Food AppTests" */ = {
			isa = XCConfigurationList;
			buildConfigurations = (
				D8D87B161AF7F19B00303AB0 /* Debug */,
				D8D87B171AF7F19B00303AB0 /* Release */,
			);
			defaultConfigurationIsVisible = 0;
			defaultConfigurationName = Release;
		};
/* End XCConfigurationList section */

/* Begin XCVersionGroup section */
		D8D87AF71AF7F19B00303AB0 /* Free_Food_App.xcdatamodeld */ = {
			isa = XCVersionGroup;
			children = (
				D8D87AF81AF7F19B00303AB0 /* Free_Food_App.xcdatamodel */,
			);
			currentVersion = D8D87AF81AF7F19B00303AB0 /* Free_Food_App.xcdatamodel */;
			path = Free_Food_App.xcdatamodeld;
			sourceTree = "<group>";
			versionGroupType = wrapper.xcdatamodel;
		};
/* End XCVersionGroup section */
	};
	rootObject = D8D87AE81AF7F19B00303AB0 /* Project object */;
}
